{
  "requires": true,
  "lockfileVersion": 1,
  "dependencies": {
    "formidable": {
      "version": "1.2.1",
      "resolved": "http://registry.npm.taobao.org/formidable/download/formidable-1.2.1.tgz",
      "integrity": "sha1-cPt8oCkO5v+WEJBBX0s989IIJlk="
    },
    "sys": {
      "version": "0.0.1",
      "resolved": "http://registry.npm.taobao.org/sys/download/sys-0.0.1.tgz",
      "integrity": "sha1-NIDMaVcUkFt6vOUKVaWjmFmX5hk="
    }
  }
}
